
Microsoft Visual Studio Solution File, Format Version 12.00
# Visual Studio Version 16
VisualStudioVersion = 16.0.29613.14
MinimumVisualStudioVersion = 10.0.40219.1
Project("{9A19103F-16F7-4668-BE54-9A1E7A4F7556}") = "EmployeManagement", "EmployeManagement\EmployeManagement.csproj", "{02CD6348-AB14-4906-A545-24F688EB58BC}"
EndProject
Project("{FAE04EC0-301F-11D3-BF4B-00C04F79EFBC}") = "Contracts", "Contracts\Contracts.csproj", "{13C74EAA-6FEE-451C-95F9-317233DD144C}"
EndProject
Project("{FAE04EC0-301F-11D3-BF4B-00C04F79EFBC}") = "LoggerService", "LoggerService\LoggerService.csproj", "{B0BF8C5A-86AC-4004-9D5E-C12C88C300D5}"
EndProject
Project("{FAE04EC0-301F-11D3-BF4B-00C04F79EFBC}") = "Entities", "Entities\Entities.csproj", "{64200887-F2BB-4679-A550-BABCB7CAFE55}"
EndProject
Project("{FAE04EC0-301F-11D3-BF4B-00C04F79EFBC}") = "Repository", "Repository\Repository.csproj", "{5DC17909-20E9-460E-93BA-F08123D09B23}"
EndProject
Global
	GlobalSection(SolutionConfigurationPlatforms) = preSolution
		Debug|Any CPU = Debug|Any CPU
		Release|Any CPU = Release|Any CPU
	EndGlobalSection
	GlobalSection(ProjectConfigurationPlatforms) = postSolution
		{02CD6348-AB14-4906-A545-24F688EB58BC}.Debug|Any CPU.ActiveCfg = Debug|Any CPU
		{02CD6348-AB14-4906-A545-24F688EB58BC}.Debug|Any CPU.Build.0 = Debug|Any CPU
		{02CD6348-AB14-4906-A545-24F688EB58BC}.Release|Any CPU.ActiveCfg = Release|Any CPU
		{02CD6348-AB14-4906-A545-24F688EB58BC}.Release|Any CPU.Build.0 = Release|Any CPU
		{13C74EAA-6FEE-451C-95F9-317233DD144C}.Debug|Any CPU.ActiveCfg = Debug|Any CPU
		{13C74EAA-6FEE-451C-95F9-317233DD144C}.Debug|Any CPU.Build.0 = Debug|Any CPU
		{13C74EAA-6FEE-451C-95F9-317233DD144C}.Release|Any CPU.ActiveCfg = Release|Any CPU
		{13C74EAA-6FEE-451C-95F9-317233DD144C}.Release|Any CPU.Build.0 = Release|Any CPU
		{B0BF8C5A-86AC-4004-9D5E-C12C88C300D5}.Debug|Any CPU.ActiveCfg = Debug|Any CPU
		{B0BF8C5A-86AC-4004-9D5E-C12C88C300D5}.Debug|Any CPU.Build.0 = Debug|Any CPU
		{B0BF8C5A-86AC-4004-9D5E-C12C88C300D5}.Release|Any CPU.ActiveCfg = Release|Any CPU
		{B0BF8C5A-86AC-4004-9D5E-C12C88C300D5}.Release|Any CPU.Build.0 = Release|Any CPU
		{64200887-F2BB-4679-A550-BABCB7CAFE55}.Debug|Any CPU.ActiveCfg = Debug|Any CPU
		{64200887-F2BB-4679-A550-BABCB7CAFE55}.Debug|Any CPU.Build.0 = Debug|Any CPU
		{64200887-F2BB-4679-A550-BABCB7CAFE55}.Release|Any CPU.ActiveCfg = Release|Any CPU
		{64200887-F2BB-4679-A550-BABCB7CAFE55}.Release|Any CPU.Build.0 = Release|Any CPU
		{5DC17909-20E9-460E-93BA-F08123D09B23}.Debug|Any CPU.ActiveCfg = Debug|Any CPU
		{5DC17909-20E9-460E-93BA-F08123D09B23}.Debug|Any CPU.Build.0 = Debug|Any CPU
		{5DC17909-20E9-460E-93BA-F08123D09B23}.Release|Any CPU.ActiveCfg = Release|Any CPU
		{5DC17909-20E9-460E-93BA-F08123D09B23}.Release|Any CPU.Build.0 = Release|Any CPU
	EndGlobalSection
	GlobalSection(SolutionProperties) = preSolution
		HideSolutionNode = FALSE
	EndGlobalSection
	GlobalSection(ExtensibilityGlobals) = postSolution
		SolutionGuid = {28CD1B82-E00A-48F4-9003-14BC12311B98}
	EndGlobalSection
EndGlobal
